
Microsoft Visual Studio Solution File, Format Version 12.00
# Visual Studio Version 16
VisualStudioVersion = 16.0.30413.136
MinimumVisualStudioVersion = 10.0.40219.1
Project("{FAE04EC0-301F-11D3-BF4B-00C04F79EFBC}") = "TabelamentoConstrucao", "TabelamentoConstrucao\TabelamentoConstrucao.csproj", "{5843BEB7-D801-443B-96CC-4D1DE0A84C9D}"
EndProject
Global
	GlobalSection(SolutionConfigurationPlatforms) = preSolution
		Debug|Any CPU = Debug|Any CPU
		Release|Any CPU = Release|Any CPU
	EndGlobalSection
	GlobalSection(ProjectConfigurationPlatforms) = postSolution
		{5843BEB7-D801-443B-96CC-4D1DE0A84C9D}.Debug|Any CPU.ActiveCfg = Debug|Any CPU
		{5843BEB7-D801-443B-96CC-4D1DE0A84C9D}.Debug|Any CPU.Build.0 = Debug|Any CPU
		{5843BEB7-D801-443B-96CC-4D1DE0A84C9D}.Release|Any CPU.ActiveCfg = Release|Any CPU
		{5843BEB7-D801-443B-96CC-4D1DE0A84C9D}.Release|Any CPU.Build.0 = Release|Any CPU
	EndGlobalSection
	GlobalSection(SolutionProperties) = preSolution
		HideSolutionNode = FALSE
	EndGlobalSection
	GlobalSection(ExtensibilityGlobals) = postSolution
		SolutionGuid = {023A894E-592B-48D7-921E-B07AD6ACE91A}
	EndGlobalSection
EndGlobal
